
Microsoft Visual Studio Solution File, Format Version 12.00
# Visual Studio Version 16
VisualStudioVersion = 16.0.30128.74
MinimumVisualStudioVersion = 10.0.40219.1
Project("{FAE04EC0-301F-11D3-BF4B-00C04F79EFBC}") = "FormsApp.Android", "FormsApp.Android\FormsApp.Android.csproj", "{D6991981-CD54-45C5-9FED-0F291041F6F4}"
EndProject
Project("{FAE04EC0-301F-11D3-BF4B-00C04F79EFBC}") = "FormsApp.iOS", "FormsApp.iOS\FormsApp.iOS.csproj", "{A1405507-EB65-4351-A748-335C8ADB6350}"
EndProject
Project("{FAE04EC0-301F-11D3-BF4B-00C04F79EFBC}") = "FormsApp", "FormsApp\FormsApp.csproj", "{AE1FF4FD-142C-4DEE-AF7D-D07086C0E9E0}"
EndProject
Global
	GlobalSection(SolutionConfigurationPlatforms) = preSolution
		Debug|Any CPU = Debug|Any CPU
		Debug|iPhone = Debug|iPhone
		Debug|iPhoneSimulator = Debug|iPhoneSimulator
		Release|Any CPU = Release|Any CPU
		Release|iPhone = Release|iPhone
		Release|iPhoneSimulator = Release|iPhoneSimulator
	EndGlobalSection
	GlobalSection(ProjectConfigurationPlatforms) = postSolution
		{D6991981-CD54-45C5-9FED-0F291041F6F4}.Debug|Any CPU.ActiveCfg = Debug|Any CPU
		{D6991981-CD54-45C5-9FED-0F291041F6F4}.Debug|Any CPU.Build.0 = Debug|Any CPU
		{D6991981-CD54-45C5-9FED-0F291041F6F4}.Debug|Any CPU.Deploy.0 = Debug|Any CPU
		{D6991981-CD54-45C5-9FED-0F291041F6F4}.Debug|iPhone.ActiveCfg = Debug|Any CPU
		{D6991981-CD54-45C5-9FED-0F291041F6F4}.Debug|iPhone.Build.0 = Debug|Any CPU
		{D6991981-CD54-45C5-9FED-0F291041F6F4}.Debug|iPhone.Deploy.0 = Debug|Any CPU
		{D6991981-CD54-45C5-9FED-0F291041F6F4}.Debug|iPhoneSimulator.ActiveCfg = Debug|Any CPU
		{D6991981-CD54-45C5-9FED-0F291041F6F4}.Debug|iPhoneSimulator.Build.0 = Debug|Any CPU
		{D6991981-CD54-45C5-9FED-0F291041F6F4}.Debug|iPhoneSimulator.Deploy.0 = Debug|Any CPU
		{D6991981-CD54-45C5-9FED-0F291041F6F4}.Release|Any CPU.ActiveCfg = Release|Any CPU
		{D6991981-CD54-45C5-9FED-0F291041F6F4}.Release|Any CPU.Build.0 = Release|Any CPU
		{D6991981-CD54-45C5-9FED-0F291041F6F4}.Release|Any CPU.Deploy.0 = Release|Any CPU
		{D6991981-CD54-45C5-9FED-0F291041F6F4}.Release|iPhone.ActiveCfg = Release|Any CPU
		{D6991981-CD54-45C5-9FED-0F291041F6F4}.Release|iPhone.Build.0 = Release|Any CPU
		{D6991981-CD54-45C5-9FED-0F291041F6F4}.Release|iPhone.Deploy.0 = Release|Any CPU
		{D6991981-CD54-45C5-9FED-0F291041F6F4}.Release|iPhoneSimulator.ActiveCfg = Release|Any CPU
		{D6991981-CD54-45C5-9FED-0F291041F6F4}.Release|iPhoneSimulator.Build.0 = Release|Any CPU
		{D6991981-CD54-45C5-9FED-0F291041F6F4}.Release|iPhoneSimulator.Deploy.0 = Release|Any CPU
		{A1405507-EB65-4351-A748-335C8ADB6350}.Debug|Any CPU.ActiveCfg = Debug|iPhone
		{A1405507-EB65-4351-A748-335C8ADB6350}.Debug|Any CPU.Build.0 = Debug|iPhone
		{A1405507-EB65-4351-A748-335C8ADB6350}.Debug|Any CPU.Deploy.0 = Debug|iPhone
		{A1405507-EB65-4351-A748-335C8ADB6350}.Debug|iPhone.ActiveCfg = Debug|iPhone
		{A1405507-EB65-4351-A748-335C8ADB6350}.Debug|iPhone.Build.0 = Debug|iPhone
		{A1405507-EB65-4351-A748-335C8ADB6350}.Debug|iPhone.Deploy.0 = Debug|iPhone
		{A1405507-EB65-4351-A748-335C8ADB6350}.Debug|iPhoneSimulator.ActiveCfg = Debug|iPhoneSimulator
		{A1405507-EB65-4351-A748-335C8ADB6350}.Debug|iPhoneSimulator.Build.0 = Debug|iPhoneSimulator
		{A1405507-EB65-4351-A748-335C8ADB6350}.Debug|iPhoneSimulator.Deploy.0 = Debug|iPhoneSimulator
		{A1405507-EB65-4351-A748-335C8ADB6350}.Release|Any CPU.ActiveCfg = Release|iPhone
		{A1405507-EB65-4351-A748-335C8ADB6350}.Release|Any CPU.Build.0 = Release|iPhone
		{A1405507-EB65-4351-A748-335C8ADB6350}.Release|Any CPU.Deploy.0 = Release|iPhone
		{A1405507-EB65-4351-A748-335C8ADB6350}.Release|iPhone.ActiveCfg = Release|iPhone
		{A1405507-EB65-4351-A748-335C8ADB6350}.Release|iPhone.Build.0 = Release|iPhone
		{A1405507-EB65-4351-A748-335C8ADB6350}.Release|iPhone.Deploy.0 = Release|iPhone
		{A1405507-EB65-4351-A748-335C8ADB6350}.Release|iPhoneSimulator.ActiveCfg = Release|iPhoneSimulator
		{A1405507-EB65-4351-A748-335C8ADB6350}.Release|iPhoneSimulator.Build.0 = Release|iPhoneSimulator
		{A1405507-EB65-4351-A748-335C8ADB6350}.Release|iPhoneSimulator.Deploy.0 = Release|iPhoneSimulator
		{AE1FF4FD-142C-4DEE-AF7D-D07086C0E9E0}.Debug|Any CPU.ActiveCfg = Debug|Any CPU
		{AE1FF4FD-142C-4DEE-AF7D-D07086C0E9E0}.Debug|Any CPU.Build.0 = Debug|Any CPU
		{AE1FF4FD-142C-4DEE-AF7D-D07086C0E9E0}.Debug|Any CPU.Deploy.0 = Debug|Any CPU
		{AE1FF4FD-142C-4DEE-AF7D-D07086C0E9E0}.Debug|iPhone.ActiveCfg = Debug|Any CPU
		{AE1FF4FD-142C-4DEE-AF7D-D07086C0E9E0}.Debug|iPhone.Build.0 = Debug|Any CPU
		{AE1FF4FD-142C-4DEE-AF7D-D07086C0E9E0}.Debug|iPhone.Deploy.0 = Debug|Any CPU
		{AE1FF4FD-142C-4DEE-AF7D-D07086C0E9E0}.Debug|iPhoneSimulator.ActiveCfg = Debug|Any CPU
		{AE1FF4FD-142C-4DEE-AF7D-D07086C0E9E0}.Debug|iPhoneSimulator.Build.0 = Debug|Any CPU
		{AE1FF4FD-142C-4DEE-AF7D-D07086C0E9E0}.Debug|iPhoneSimulator.Deploy.0 = Debug|Any CPU
		{AE1FF4FD-142C-4DEE-AF7D-D07086C0E9E0}.Release|Any CPU.ActiveCfg = Release|Any CPU
		{AE1FF4FD-142C-4DEE-AF7D-D07086C0E9E0}.Release|Any CPU.Build.0 = Release|Any CPU
		{AE1FF4FD-142C-4DEE-AF7D-D07086C0E9E0}.Release|Any CPU.Deploy.0 = Release|Any CPU
		{AE1FF4FD-142C-4DEE-AF7D-D07086C0E9E0}.Release|iPhone.ActiveCfg = Release|Any CPU
		{AE1FF4FD-142C-4DEE-AF7D-D07086C0E9E0}.Release|iPhone.Build.0 = Release|Any CPU
		{AE1FF4FD-142C-4DEE-AF7D-D07086C0E9E0}.Release|iPhone.Deploy.0 = Release|Any CPU
		{AE1FF4FD-142C-4DEE-AF7D-D07086C0E9E0}.Release|iPhoneSimulator.ActiveCfg = Release|Any CPU
		{AE1FF4FD-142C-4DEE-AF7D-D07086C0E9E0}.Release|iPhoneSimulator.Build.0 = Release|Any CPU
		{AE1FF4FD-142C-4DEE-AF7D-D07086C0E9E0}.Release|iPhoneSimulator.Deploy.0 = Release|Any CPU
	EndGlobalSection
	GlobalSection(SolutionProperties) = preSolution
		HideSolutionNode = FALSE
	EndGlobalSection
	GlobalSection(ExtensibilityGlobals) = postSolution
		SolutionGuid = {F73DE850-9EF4-4C4B-B43D-CC929C16D89B}
	EndGlobalSection
EndGlobal
